// !$*UTF8*$!
{
	archiveVersion = 1;
	classes = {
	};
	objectVersion = 48;
	objects = {

/* Begin PBXBuildFile section */
		D40AC151207DBD2A0062365B /* AppDelegate.swift in Sources */ = {isa = PBXBuildFile; fileRef = D40AC150207DBD2A0062365B /* AppDelegate.swift */; };
		D40AC153207DBD2A0062365B /* ViewController.swift in Sources */ = {isa = PBXBuildFile; fileRef = D40AC152207DBD2A0062365B /* ViewController.swift */; };
		D40AC156207DBD2A0062365B /* Main.storyboard in Resources */ = {isa = PBXBuildFile; fileRef = D40AC154207DBD2A0062365B /* Main.storyboard */; };
		D40AC158207DBD2A0062365B /* Assets.xcassets in Resources */ = {isa = PBXBuildFile; fileRef = D40AC157207DBD2A0062365B /* Assets.xcassets */; };
		D40AC15B207DBD2A0062365B /* LaunchScreen.storyboard in Resources */ = {isa = PBXBuildFile; fileRef = D40AC159207DBD2A0062365B /* LaunchScreen.storyboard */; };
		D40AC166207DBD2A0062365B /* ProgramTests.swift in Sources */ = {isa = PBXBuildFile; fileRef = D40AC165207DBD2A0062365B /* ProgramTests.swift */; };
		D40AC171207DBD2A0062365B /* ProgramUITests.swift in Sources */ = {isa = PBXBuildFile; fileRef = D40AC170207DBD2A0062365B /* ProgramUITests.swift */; };
/* End PBXBuildFile section */

/* Begin PBXContainerItemProxy section */
		D40AC162207DBD2A0062365B /* PBXContainerItemProxy */ = {
			isa = PBXContainerItemProxy;
			containerPortal = D40AC145207DBD2A0062365B /* Project object */;
			proxyType = 1;
			remoteGlobalIDString = D40AC14C207DBD2A0062365B;
			remoteInfo = Program;
		};
		D40AC16D207DBD2A0062365B /* PBXContainerItemProxy */ = {
			isa = PBXContainerItemProxy;
			containerPortal = D40AC145207DBD2A0062365B /* Project object */;
			proxyType = 1;
			remoteGlobalIDString = D40AC14C207DBD2A0062365B;
			remoteInfo = Program;
		};
/* End PBXContainerItemProxy section */

/* Begin PBXFileReference section */
		D40AC14D207DBD2A0062365B /* Program.app */ = {isa = PBXFileReference; explicitFileType = wrapper.application; includeInIndex = 0; path = Program.app; sourceTree = BUILT_PRODUCTS_DIR; };
		D40AC150207DBD2A0062365B /* AppDelegate.swift */ = {isa = PBXFileReference; lastKnownFileType = sourcecode.swift; path = AppDelegate.swift; sourceTree = "<group>"; };
		D40AC152207DBD2A0062365B /* ViewController.swift */ = {isa = PBXFileReference; lastKnownFileType = sourcecode.swift; path = ViewController.swift; sourceTree = "<group>"; };
		D40AC155207DBD2A0062365B /* Base */ = {isa = PBXFileReference; lastKnownFileType = file.storyboard; name = Base; path = Base.lproj/Main.storyboard; sourceTree = "<group>"; };
		D40AC157207DBD2A0062365B /* Assets.xcassets */ = {isa = PBXFileReference; lastKnownFileType = folder.assetcatalog; path = Assets.xcassets; sourceTree = "<group>"; };
		D40AC15A207DBD2A0062365B /* Base */ = {isa = PBXFileReference; lastKnownFileType = file.storyboard; name = Base; path = Base.lproj/LaunchScreen.storyboard; sourceTree = "<group>"; };
		D40AC15C207DBD2A0062365B /* Info.plist */ = {isa = PBXFileReference; lastKnownFileType = text.plist.xml; path = Info.plist; sourceTree = "<group>"; };
		D40AC161207DBD2A0062365B /* ProgramTests.xctest */ = {isa = PBXFileReference; explicitFileType = wrapper.cfbundle; includeInIndex = 0; path = ProgramTests.xctest; sourceTree = BUILT_PRODUCTS_DIR; };
		D40AC165207DBD2A0062365B /* ProgramTests.swift */ = {isa = PBXFileReference; lastKnownFileType = sourcecode.swift; path = ProgramTests.swift; sourceTree = "<group>"; };
		D40AC167207DBD2A0062365B /* Info.plist */ = {isa = PBXFileReference; lastKnownFileType = text.plist.xml; path = Info.plist; sourceTree = "<group>"; };
		D40AC16C207DBD2A0062365B /* ProgramUITests.xctest */ = {isa = PBXFileReference; explicitFileType = wrapper.cfbundle; includeInIndex = 0; path = ProgramUITests.xctest; sourceTree = BUILT_PRODUCTS_DIR; };
		D40AC170207DBD2A0062365B /* ProgramUITests.swift */ = {isa = PBXFileReference; lastKnownFileType = sourcecode.swift; path = ProgramUITests.swift; sourceTree = "<group>"; };
		D40AC172207DBD2A0062365B /* Info.plist */ = {isa = PBXFileReference; lastKnownFileType = text.plist.xml; path = Info.plist; sourceTree = "<group>"; };
/* End PBXFileReference section */

/* Begin PBXFrameworksBuildPhase section */
		D40AC14A207DBD2A0062365B /* Frameworks */ = {
			isa = PBXFrameworksBuildPhase;
			buildActionMask = 2147483647;
			files = (
			);
			runOnlyForDeploymentPostprocessing = 0;
		};
		D40AC15E207DBD2A0062365B /* Frameworks */ = {
			isa = PBXFrameworksBuildPhase;
			buildActionMask = 2147483647;
			files = (
			);
			runOnlyForDeploymentPostprocessing = 0;
		};
		D40AC169207DBD2A0062365B /* Frameworks */ = {
			isa = PBXFrameworksBuildPhase;
			buildActionMask = 2147483647;
			files = (
			);
			runOnlyForDeploymentPostprocessing = 0;
		};
/* End PBXFrameworksBuildPhase section */

/* Begin PBXGroup section */
		D40AC144207DBD2A0062365B = {
			isa = PBXGroup;
			children = (
				D40AC14F207DBD2A0062365B /* Program */,
				D40AC164207DBD2A0062365B /* ProgramTests */,
				D40AC16F207DBD2A0062365B /* ProgramUITests */,
				D40AC14E207DBD2A0062365B /* Products */,
			);
			sourceTree = "<group>";
		};
		D40AC14E207DBD2A0062365B /* Products */ = {
			isa = PBXGroup;
			children = (
				D40AC14D207DBD2A0062365B /* Program.app */,
				D40AC161207DBD2A0062365B /* ProgramTests.xctest */,
				D40AC16C207DBD2A0062365B /* ProgramUITests.xctest */,
			);
			name = Products;
			sourceTree = "<group>";
		};
		D40AC14F207DBD2A0062365B /* Program */ = {
			isa = PBXGroup;
			children = (
				D40AC150207DBD2A0062365B /* AppDelegate.swift */,
				D40AC152207DBD2A0062365B /* ViewController.swift */,
				D40AC154207DBD2A0062365B /* Main.storyboard */,
				D40AC157207DBD2A0062365B /* Assets.xcassets */,
				D40AC159207DBD2A0062365B /* LaunchScreen.storyboard */,
				D40AC15C207DBD2A0062365B /* Info.plist */,
			);
			path = Program;
			sourceTree = "<group>";
		};
		D40AC164207DBD2A0062365B /* ProgramTests */ = {
			isa = PBXGroup;
			children = (
				D40AC165207DBD2A0062365B /* ProgramTests.swift */,
				D40AC167207DBD2A0062365B /* Info.plist */,
			);
			path = ProgramTests;
			sourceTree = "<group>";
		};
		D40AC16F207DBD2A0062365B /* ProgramUITests */ = {
			isa = PBXGroup;
			children = (
				D40AC170207DBD2A0062365B /* ProgramUITests.swift */,
				D40AC172207DBD2A0062365B /* Info.plist */,
			);
			path = ProgramUITests;
			sourceTree = "<group>";
		};
/* End PBXGroup section */

/* Begin PBXNativeTarget section */
		D40AC14C207DBD2A0062365B /* Program */ = {
			isa = PBXNativeTarget;
			buildConfigurationList = D40AC175207DBD2A0062365B /* Build configuration list for PBXNativeTarget "Program" */;
			buildPhases = (
				D40AC149207DBD2A0062365B /* Sources */,
				D40AC14A207DBD2A0062365B /* Frameworks */,
				D40AC14B207DBD2A0062365B /* Resources */,
			);
			buildRules = (
			);
			dependencies = (
			);
			name = Program;
			productName = Program;
			productReference = D40AC14D207DBD2A0062365B /* Program.app */;
			productType = "com.apple.product-type.application";
		};
		D40AC160207DBD2A0062365B /* ProgramTests */ = {
			isa = PBXNativeTarget;
			buildConfigurationList = D40AC178207DBD2A0062365B /* Build configuration list for PBXNativeTarget "ProgramTests" */;
			buildPhases = (
				D40AC15D207DBD2A0062365B /* Sources */,
				D40AC15E207DBD2A0062365B /* Frameworks */,
				D40AC15F207DBD2A0062365B /* Resources */,
			);
			buildRules = (
			);
			dependencies = (
				D40AC163207DBD2A0062365B /* PBXTargetDependency */,
			);
			name = ProgramTests;
			productName = ProgramTests;
			productReference = D40AC161207DBD2A0062365B /* ProgramTests.xctest */;
			productType = "com.apple.product-type.bundle.unit-test";
		};
		D40AC16B207DBD2A0062365B /* ProgramUITests */ = {
			isa = PBXNativeTarget;
			buildConfigurationList = D40AC17B207DBD2A0062365B /* Build configuration list for PBXNativeTarget "ProgramUITests" */;
			buildPhases = (
				D40AC168207DBD2A0062365B /* Sources */,
				D40AC169207DBD2A0062365B /* Frameworks */,
				D40AC16A207DBD2A0062365B /* Resources */,
			);
			buildRules = (
			);
			dependencies = (
				D40AC16E207DBD2A0062365B /* PBXTargetDependency */,
			);
			name = ProgramUITests;
			productName = ProgramUITests;
			productReference = D40AC16C207DBD2A0062365B /* ProgramUITests.xctest */;
			productType = "com.apple.product-type.bundle.ui-testing";
		};
/* End PBXNativeTarget section */

/* Begin PBXProject section */
		D40AC145207DBD2A0062365B /* Project object */ = {
			isa = PBXProject;
			attributes = {
				LastSwiftUpdateCheck = 0920;
				LastUpgradeCheck = 0920;
				ORGANIZATIONNAME = "Alivelu Ravula";
				TargetAttributes = {
					D40AC14C207DBD2A0062365B = {
						CreatedOnToolsVersion = 9.2;
						ProvisioningStyle = Automatic;
					};
					D40AC160207DBD2A0062365B = {
						CreatedOnToolsVersion = 9.2;
						ProvisioningStyle = Automatic;
						TestTargetID = D40AC14C207DBD2A0062365B;
					};
					D40AC16B207DBD2A0062365B = {
						CreatedOnToolsVersion = 9.2;
						ProvisioningStyle = Automatic;
						TestTargetID = D40AC14C207DBD2A0062365B;
					};
				};
			};
			buildConfigurationList = D40AC148207DBD2A0062365B /* Build configuration list for PBXProject "Program" */;
			compatibilityVersion = "Xcode 8.0";
			developmentRegion = en;
			hasScannedForEncodings = 0;
			knownRegions = (
				en,
				Base,
			);
			mainGroup = D40AC144207DBD2A0062365B;
			productRefGroup = D40AC14E207DBD2A0062365B /* Products */;
			projectDirPath = "";
			projectRoot = "";
			targets = (
				D40AC14C207DBD2A0062365B /* Program */,
				D40AC160207DBD2A0062365B /* ProgramTests */,
				D40AC16B207DBD2A0062365B /* ProgramUITests */,
			);
		};
/* End PBXProject section */

/* Begin PBXResourcesBuildPhase section */
		D40AC14B207DBD2A0062365B /* Resources */ = {
			isa = PBXResourcesBuildPhase;
			buildActionMask = 2147483647;
			files = (
				D40AC15B207DBD2A0062365B /* LaunchScreen.storyboard in Resources */,
				D40AC158207DBD2A0062365B /* Assets.xcassets in Resources */,
				D40AC156207DBD2A0062365B /* Main.storyboard in Resources */,
			);
			runOnlyForDeploymentPostprocessing = 0;
		};
		D40AC15F207DBD2A0062365B /* Resources */ = {
			isa = PBXResourcesBuildPhase;
			buildActionMask = 2147483647;
			files = (
			);
			runOnlyForDeploymentPostprocessing = 0;
		};
		D40AC16A207DBD2A0062365B /* Resources */ = {
			isa = PBXResourcesBuildPhase;
			buildActionMask = 2147483647;
			files = (
			);
			runOnlyForDeploymentPostprocessing = 0;
		};
/* End PBXResourcesBuildPhase section */

/* Begin PBXSourcesBuildPhase section */
		D40AC149207DBD2A0062365B /* Sources */ = {
			isa = PBXSourcesBuildPhase;
			buildActionMask = 2147483647;
			files = (
				D40AC153207DBD2A0062365B /* ViewController.swift in Sources */,
				D40AC151207DBD2A0062365B /* AppDelegate.swift in Sources */,
			);
			runOnlyForDeploymentPostprocessing = 0;
		};
		D40AC15D207DBD2A0062365B /* Sources */ = {
			isa = PBXSourcesBuildPhase;
			buildActionMask = 2147483647;
			files = (
				D40AC166207DBD2A0062365B /* ProgramTests.swift in Sources */,
			);
			runOnlyForDeploymentPostprocessing = 0;
		};
		D40AC168207DBD2A0062365B /* Sources */ = {
			isa = PBXSourcesBuildPhase;
			buildActionMask = 2147483647;
			files = (
				D40AC171207DBD2A0062365B /* ProgramUITests.swift in Sources */,
			);
			runOnlyForDeploymentPostprocessing = 0;
		};
/* End PBXSourcesBuildPhase section */

/* Begin PBXTargetDependency section */
		D40AC163207DBD2A0062365B /* PBXTargetDependency */ = {
			isa = PBXTargetDependency;
			target = D40AC14C207DBD2A0062365B /* Program */;
			targetProxy = D40AC162207DBD2A0062365B /* PBXContainerItemProxy */;
		};
		D40AC16E207DBD2A0062365B /* PBXTargetDependency */ = {
			isa = PBXTargetDependency;
			target = D40AC14C207DBD2A0062365B /* Program */;
			targetProxy = D40AC16D207DBD2A0062365B /* PBXContainerItemProxy */;
		};
/* End PBXTargetDependency section */

/* Begin PBXVariantGroup section */
		D40AC154207DBD2A0062365B /* Main.storyboard */ = {
			isa = PBXVariantGroup;
			children = (
				D40AC155207DBD2A0062365B /* Base */,
			);
			name = Main.storyboard;
			sourceTree = "<group>";
		};
		D40AC159207DBD2A0062365B /* LaunchScreen.storyboard */ = {
			isa = PBXVariantGroup;
			children = (
				D40AC15A207DBD2A0062365B /* Base */,
			);
			name = LaunchScreen.storyboard;
			sourceTree = "<group>";
		};
/* End PBXVariantGroup section */

/* Begin XCBuildConfiguration section */
		D40AC173207DBD2A0062365B /* Debug */ = {
			isa = XCBuildConfiguration;
			buildSettings = {
				ALWAYS_SEARCH_USER_PATHS = NO;
				CLANG_ANALYZER_NONNULL = YES;
				CLANG_ANALYZER_NUMBER_OBJECT_CONVERSION = YES_AGGRESSIVE;
				CLANG_CXX_LANGUAGE_STANDARD = "gnu++14";
				CLANG_CXX_LIBRARY = "libc++";
				CLANG_ENABLE_MODULES = YES;
				CLANG_ENABLE_OBJC_ARC = YES;
				CLANG_WARN_BLOCK_CAPTURE_AUTORELEASING = YES;
				CLANG_WARN_BOOL_CONVERSION = YES;
				CLANG_WARN_COMMA = YES;
				CLANG_WARN_CONSTANT_CONVERSION = YES;
				CLANG_WARN_DIRECT_OBJC_ISA_USAGE = YES_ERROR;
				CLANG_WARN_DOCUMENTATION_COMMENTS = YES;
				CLANG_WARN_EMPTY_BODY = YES;
				CLANG_WARN_ENUM_CONVERSION = YES;
				CLANG_WARN_INFINITE_RECURSION = YES;
				CLANG_WARN_INT_CONVERSION = YES;
				CLANG_WARN_NON_LITERAL_NULL_CONVERSION = YES;
				CLANG_WARN_OBJC_LITERAL_CONVERSION = YES;
				CLANG_WARN_OBJC_ROOT_CLASS = YES_ERROR;
				CLANG_WARN_RANGE_LOOP_ANALYSIS = YES;
				CLANG_WARN_STRICT_PROTOTYPES = YES;
				CLANG_WARN_SUSPICIOUS_MOVE = YES;
				CLANG_WARN_UNGUARDED_AVAILABILITY = YES_AGGRESSIVE;
				CLANG_WARN_UNREACHABLE_CODE = YES;
				CLANG_WARN__DUPLICATE_METHOD_MATCH = YES;
				CODE_SIGN_IDENTITY = "iPhone Developer";
				COPY_PHASE_STRIP = NO;
				DEBUG_INFORMATION_FORMAT = dwarf;
				ENABLE_STRICT_OBJC_MSGSEND = YES;
				ENABLE_TESTABILITY = YES;
				GCC_C_LANGUAGE_STANDARD = gnu11;
				GCC_DYNAMIC_NO_PIC = NO;
				GCC_NO_COMMON_BLOCKS = YES;
				GCC_OPTIMIZATION_LEVEL = 0;
				GCC_PREPROCESSOR_DEFINITIONS = (
					"DEBUG=1",
					"$(inherited)",
				);
				GCC_WARN_64_TO_32_BIT_CONVERSION = YES;
				GCC_WARN_ABOUT_RETURN_TYPE = YES_ERROR;
				GCC_WARN_UNDECLARED_SELECTOR = YES;
				GCC_WARN_UNINITIALIZED_AUTOS = YES_AGGRESSIVE;
				GCC_WARN_UNUSED_FUNCTION = YES;
				GCC_WARN_UNUSED_VARIABLE = YES;
				IPHONEOS_DEPLOYMENT_TARGET = 11.2;
				MTL_ENABLE_DEBUG_INFO = YES;
				ONLY_ACTIVE_ARCH = YES;
				SDKROOT = iphoneos;
				SWIFT_ACTIVE_COMPILATION_CONDITIONS = DEBUG;
				SWIFT_OPTIMIZATION_LEVEL = "-Onone";
			};
			name = Debug;
		};
		D40AC174207DBD2A0062365B /* Release */ = {
			isa = XCBuildConfiguration;
			buildSettings = {
				ALWAYS_SEARCH_USER_PATHS = NO;
				CLANG_ANALYZER_NONNULL = YES;
				CLANG_ANALYZER_NUMBER_OBJECT_CONVERSION = YES_AGGRESSIVE;
				CLANG_CXX_LANGUAGE_STANDARD = "gnu++14";
				CLANG_CXX_LIBRARY = "libc++";
				CLANG_ENABLE_MODULES = YES;
				CLANG_ENABLE_OBJC_ARC = YES;
				CLANG_WARN_BLOCK_CAPTURE_AUTORELEASING = YES;
				CLANG_WARN_BOOL_CONVERSION = YES;
				CLANG_WARN_COMMA = YES;
				CLANG_WARN_CONSTANT_CONVERSION = YES;
				CLANG_WARN_DIRECT_OBJC_ISA_USAGE = YES_ERROR;
				CLANG_WARN_DOCUMENTATION_COMMENTS = YES;
				CLANG_WARN_EMPTY_BODY = YES;
				CLANG_WARN_ENUM_CONVERSION = YES;
				CLANG_WARN_INFINITE_RECURSION = YES;
				CLANG_WARN_INT_CONVERSION = YES;
				CLANG_WARN_NON_LITERAL_NULL_CONVERSION = YES;
				CLANG_WARN_OBJC_LITERAL_CONVERSION = YES;
				CLANG_WARN_OBJC_ROOT_CLASS = YES_ERROR;
				CLANG_WARN_RANGE_LOOP_ANALYSIS = YES;
				CLANG_WARN_STRICT_PROTOTYPES = YES;
				CLANG_WARN_SUSPICIOUS_MOVE = YES;
				CLANG_WARN_UNGUARDED_AVAILABILITY = YES_AGGRESSIVE;
				CLANG_WARN_UNREACHABLE_CODE = YES;
				CLANG_WARN__DUPLICATE_METHOD_MATCH = YES;
				CODE_SIGN_IDENTITY = "iPhone Developer";
				COPY_PHASE_STRIP = NO;
				DEBUG_INFORMATION_FORMAT = "dwarf-with-dsym";
				ENABLE_NS_ASSERTIONS = NO;
				ENABLE_STRICT_OBJC_MSGSEND = YES;
				GCC_C_LANGUAGE_STANDARD = gnu11;
				GCC_NO_COMMON_BLOCKS = YES;
				GCC_WARN_64_TO_32_BIT_CONVERSION = YES;
				GCC_WARN_ABOUT_RETURN_TYPE = YES_ERROR;
				GCC_WARN_UNDECLARED_SELECTOR = YES;
				GCC_WARN_UNINITIALIZED_AUTOS = YES_AGGRESSIVE;
				GCC_WARN_UNUSED_FUNCTION = YES;
				GCC_WARN_UNUSED_VARIABLE = YES;
				IPHONEOS_DEPLOYMENT_TARGET = 11.2;
				MTL_ENABLE_DEBUG_INFO = NO;
				SDKROOT = iphoneos;
				SWIFT_OPTIMIZATION_LEVEL = "-Owholemodule";
				VALIDATE_PRODUCT = YES;
			};
			name = Release;
		};
		D40AC176207DBD2A0062365B /* Debug */ = {
			isa = XCBuildConfiguration;
			buildSettings = {
				ASSETCATALOG_COMPILER_APPICON_NAME = AppIcon;
				CODE_SIGN_STYLE = Automatic;
				INFOPLIST_FILE = Program/Info.plist;
				LD_RUNPATH_SEARCH_PATHS = "$(inherited) @executable_path/Frameworks";
				PRODUCT_BUNDLE_IDENTIFIER = brn.Program;
				PRODUCT_NAME = "$(TARGET_NAME)";
				SWIFT_VERSION = 4.0;
				TARGETED_DEVICE_FAMILY = "1,2";
			};
			name = Debug;
		};
		D40AC177207DBD2A0062365B /* Release */ = {
			isa = XCBuildConfiguration;
			buildSettings = {
				ASSETCATALOG_COMPILER_APPICON_NAME = AppIcon;
				CODE_SIGN_STYLE = Automatic;
				INFOPLIST_FILE = Program/Info.plist;
				LD_RUNPATH_SEARCH_PATHS = "$(inherited) @executable_path/Frameworks";
				PRODUCT_BUNDLE_IDENTIFIER = brn.Program;
				PRODUCT_NAME = "$(TARGET_NAME)";
				SWIFT_VERSION = 4.0;
				TARGETED_DEVICE_FAMILY = "1,2";
			};
			name = Release;
		};
		D40AC179207DBD2A0062365B /* Debug */ = {
			isa = XCBuildConfiguration;
			buildSettings = {
				ALWAYS_EMBED_SWIFT_STANDARD_LIBRARIES = YES;
				BUNDLE_LOADER = "$(TEST_HOST)";
				CODE_SIGN_STYLE = Automatic;
				INFOPLIST_FILE = ProgramTests/Info.plist;
				LD_RUNPATH_SEARCH_PATHS = "$(inherited) @executable_path/Frameworks @loader_path/Frameworks";
				PRODUCT_BUNDLE_IDENTIFIER = brn.ProgramTests;
				PRODUCT_NAME = "$(TARGET_NAME)";
				SWIFT_VERSION = 4.0;
				TARGETED_DEVICE_FAMILY = "1,2";
				TEST_HOST = "$(BUILT_PRODUCTS_DIR)/Program.app/Program";
			};
			name = Debug;
		};
		D40AC17A207DBD2A0062365B /* Release */ = {
			isa = XCBuildConfiguration;
			buildSettings = {
				ALWAYS_EMBED_SWIFT_STANDARD_LIBRARIES = YES;
				BUNDLE_LOADER = "$(TEST_HOST)";
				CODE_SIGN_STYLE = Automatic;
				INFOPLIST_FILE = ProgramTests/Info.plist;
				LD_RUNPATH_SEARCH_PATHS = "$(inherited) @executable_path/Frameworks @loader_path/Frameworks";
				PRODUCT_BUNDLE_IDENTIFIER = brn.ProgramTests;
				PRODUCT_NAME = "$(TARGET_NAME)";
				SWIFT_VERSION = 4.0;
				TARGETED_DEVICE_FAMILY = "1,2";
				TEST_HOST = "$(BUILT_PRODUCTS_DIR)/Program.app/Program";
			};
			name = Release;
		};
		D40AC17C207DBD2A0062365B /* Debug */ = {
			isa = XCBuildConfiguration;
			buildSettings = {
				ALWAYS_EMBED_SWIFT_STANDARD_LIBRARIES = YES;
				CODE_SIGN_STYLE = Automatic;
				INFOPLIST_FILE = ProgramUITests/Info.plist;
				LD_RUNPATH_SEARCH_PATHS = "$(inherited) @executable_path/Frameworks @loader_path/Frameworks";
				PRODUCT_BUNDLE_IDENTIFIER = brn.ProgramUITests;
				PRODUCT_NAME = "$(TARGET_NAME)";
				SWIFT_VERSION = 4.0;
				TARGETED_DEVICE_FAMILY = "1,2";
				TEST_TARGET_NAME = Program;
			};
			name = Debug;
		};
		D40AC17D207DBD2A0062365B /* Release */ = {
			isa = XCBuildConfiguration;
			buildSettings = {
				ALWAYS_EMBED_SWIFT_STANDARD_LIBRARIES = YES;
				CODE_SIGN_STYLE = Automatic;
				INFOPLIST_FILE = ProgramUITests/Info.plist;
				LD_RUNPATH_SEARCH_PATHS = "$(inherited) @executable_path/Frameworks @loader_path/Frameworks";
				PRODUCT_BUNDLE_IDENTIFIER = brn.ProgramUITests;
				PRODUCT_NAME = "$(TARGET_NAME)";
				SWIFT_VERSION = 4.0;
				TARGETED_DEVICE_FAMILY = "1,2";
				TEST_TARGET_NAME = Program;
			};
			name = Release;
		};
/* End XCBuildConfiguration section */

/* Begin XCConfigurationList section */
		D40AC148207DBD2A0062365B /* Build configuration list for PBXProject "Program" */ = {
			isa = XCConfigurationList;
			buildConfigurations = (
				D40AC173207DBD2A0062365B /* Debug */,
				D40AC174207DBD2A0062365B /* Release */,
			);
			defaultConfigurationIsVisible = 0;
			defaultConfigurationName = Release;
		};
		D40AC175207DBD2A0062365B /* Build configuration list for PBXNativeTarget "Program" */ = {
			isa = XCConfigurationList;
			buildConfigurations = (
				D40AC176207DBD2A0062365B /* Debug */,
				D40AC177207DBD2A0062365B /* Release */,
			);
			defaultConfigurationIsVisible = 0;
			defaultConfigurationName = Release;
		};
		D40AC178207DBD2A0062365B /* Build configuration list for PBXNativeTarget "ProgramTests" */ = {
			isa = XCConfigurationList;
			buildConfigurations = (
				D40AC179207DBD2A0062365B /* Debug */,
				D40AC17A207DBD2A0062365B /* Release */,
			);
			defaultConfigurationIsVisible = 0;
			defaultConfigurationName = Release;
		};
		D40AC17B207DBD2A0062365B /* Build configuration list for PBXNativeTarget "ProgramUITests" */ = {
			isa = XCConfigurationList;
			buildConfigurations = (
				D40AC17C207DBD2A0062365B /* Debug */,
				D40AC17D207DBD2A0062365B /* Release */,
			);
			defaultConfigurationIsVisible = 0;
			defaultConfigurationName = Release;
		};
/* End XCConfigurationList section */
	};
	rootObject = D40AC145207DBD2A0062365B /* Project object */;
}
